
Microsoft Visual Studio Solution File, Format Version 12.00
# Visual Studio Version 17
VisualStudioVersion = 17.1.32407.343
MinimumVisualStudioVersion = 10.0.40219.1
Project("{9A19103F-16F7-4668-BE54-9A1E7A4F7556}") = "ConsoleRoyale", "ConsoleRoyale\ConsoleRoyale.csproj", "{0FCCB297-B5F1-462E-9F8A-6AFD66639CAD}"
EndProject
Project("{9A19103F-16F7-4668-BE54-9A1E7A4F7556}") = "ConsoleRoyale.Tests", "ConsoleRoyale.Tests\ConsoleRoyale.Tests.csproj", "{3D9E1252-C64E-4A7C-80BE-EEC9474466E7}"
EndProject
Project("{2150E333-8FDC-42A3-9474-1A3956D46DE8}") = "Solution Items", "Solution Items", "{EEE6392E-9423-4489-89DD-C01DAD526ECD}"
	ProjectSection(SolutionItems) = preProject
		.editorconfig = .editorconfig
	EndProjectSection
EndProject
Global
	GlobalSection(SolutionConfigurationPlatforms) = preSolution
		Debug|Any CPU = Debug|Any CPU
		Release|Any CPU = Release|Any CPU
	EndGlobalSection
	GlobalSection(ProjectConfigurationPlatforms) = postSolution
		{0FCCB297-B5F1-462E-9F8A-6AFD66639CAD}.Debug|Any CPU.ActiveCfg = Debug|Any CPU
		{0FCCB297-B5F1-462E-9F8A-6AFD66639CAD}.Debug|Any CPU.Build.0 = Debug|Any CPU
		{0FCCB297-B5F1-462E-9F8A-6AFD66639CAD}.Release|Any CPU.ActiveCfg = Release|Any CPU
		{0FCCB297-B5F1-462E-9F8A-6AFD66639CAD}.Release|Any CPU.Build.0 = Release|Any CPU
		{3D9E1252-C64E-4A7C-80BE-EEC9474466E7}.Debug|Any CPU.ActiveCfg = Debug|Any CPU
		{3D9E1252-C64E-4A7C-80BE-EEC9474466E7}.Debug|Any CPU.Build.0 = Debug|Any CPU
		{3D9E1252-C64E-4A7C-80BE-EEC9474466E7}.Release|Any CPU.ActiveCfg = Release|Any CPU
		{3D9E1252-C64E-4A7C-80BE-EEC9474466E7}.Release|Any CPU.Build.0 = Release|Any CPU
	EndGlobalSection
	GlobalSection(SolutionProperties) = preSolution
		HideSolutionNode = FALSE
	EndGlobalSection
	GlobalSection(ExtensibilityGlobals) = postSolution
		SolutionGuid = {F59D52B2-B55E-4737-A6E1-B5EB46A3FE87}
	EndGlobalSection
EndGlobal
